// !$*UTF8*$!
{
	archiveVersion = 1;
	classes = {
	};
	objectVersion = 56;
	objects = {

/* Begin PBXBuildFile section */
		203C831229F2F273007E333C /* Game.sks in Resources */ = {isa = PBXBuildFile; fileRef = 203C831129F2F273007E333C /* Game.sks */; };
		203C831429F2F2C8007E333C /* Button.swift in Sources */ = {isa = PBXBuildFile; fileRef = 203C831329F2F2C8007E333C /* Button.swift */; };
		203C831629F2F4A2007E333C /* HomeScreen.swift in Sources */ = {isa = PBXBuildFile; fileRef = 203C831529F2F4A2007E333C /* HomeScreen.swift */; };
		20E20B4229F2DDC300582629 /* AppDelegate.swift in Sources */ = {isa = PBXBuildFile; fileRef = 20E20B4129F2DDC300582629 /* AppDelegate.swift */; };
		20E20B4429F2DDC300582629 /* HomeScreen.sks in Resources */ = {isa = PBXBuildFile; fileRef = 20E20B4329F2DDC300582629 /* HomeScreen.sks */; };
		20E20B4A29F2DDC300582629 /* GameViewController.swift in Sources */ = {isa = PBXBuildFile; fileRef = 20E20B4929F2DDC300582629 /* GameViewController.swift */; };
		20E20B4D29F2DDC300582629 /* Main.storyboard in Resources */ = {isa = PBXBuildFile; fileRef = 20E20B4B29F2DDC300582629 /* Main.storyboard */; };
		20E20B4F29F2DDC400582629 /* Assets.xcassets in Resources */ = {isa = PBXBuildFile; fileRef = 20E20B4E29F2DDC400582629 /* Assets.xcassets */; };
		20E20B5229F2DDC400582629 /* LaunchScreen.storyboard in Resources */ = {isa = PBXBuildFile; fileRef = 20E20B5029F2DDC400582629 /* LaunchScreen.storyboard */; };
		20E20B5929F2DE3000582629 /* Settings.sks in Resources */ = {isa = PBXBuildFile; fileRef = 20E20B5829F2DE3000582629 /* Settings.sks */; };
/* End PBXBuildFile section */

/* Begin PBXFileReference section */
		203C831129F2F273007E333C /* Game.sks */ = {isa = PBXFileReference; lastKnownFileType = file.sks; path = Game.sks; sourceTree = "<group>"; };
		203C831329F2F2C8007E333C /* Button.swift */ = {isa = PBXFileReference; lastKnownFileType = sourcecode.swift; path = Button.swift; sourceTree = "<group>"; };
		203C831529F2F4A2007E333C /* HomeScreen.swift */ = {isa = PBXFileReference; lastKnownFileType = sourcecode.swift; path = HomeScreen.swift; sourceTree = "<group>"; };
		20E20B3E29F2DDC300582629 /* HomeScreenTutorial.app */ = {isa = PBXFileReference; explicitFileType = wrapper.application; includeInIndex = 0; path = HomeScreenTutorial.app; sourceTree = BUILT_PRODUCTS_DIR; };
		20E20B4129F2DDC300582629 /* AppDelegate.swift */ = {isa = PBXFileReference; lastKnownFileType = sourcecode.swift; path = AppDelegate.swift; sourceTree = "<group>"; };
		20E20B4329F2DDC300582629 /* HomeScreen.sks */ = {isa = PBXFileReference; lastKnownFileType = file.sks; path = HomeScreen.sks; sourceTree = "<group>"; };
		20E20B4929F2DDC300582629 /* GameViewController.swift */ = {isa = PBXFileReference; lastKnownFileType = sourcecode.swift; path = GameViewController.swift; sourceTree = "<group>"; };
		20E20B4C29F2DDC300582629 /* Base */ = {isa = PBXFileReference; lastKnownFileType = file.storyboard; name = Base; path = Base.lproj/Main.storyboard; sourceTree = "<group>"; };
		20E20B4E29F2DDC400582629 /* Assets.xcassets */ = {isa = PBXFileReference; lastKnownFileType = folder.assetcatalog; path = Assets.xcassets; sourceTree = "<group>"; };
		20E20B5129F2DDC400582629 /* Base */ = {isa = PBXFileReference; lastKnownFileType = file.storyboard; name = Base; path = Base.lproj/LaunchScreen.storyboard; sourceTree = "<group>"; };
		20E20B5829F2DE3000582629 /* Settings.sks */ = {isa = PBXFileReference; lastKnownFileType = file.sks; path = Settings.sks; sourceTree = "<group>"; };
/* End PBXFileReference section */

/* Begin PBXFrameworksBuildPhase section */
		20E20B3B29F2DDC300582629 /* Frameworks */ = {
			isa = PBXFrameworksBuildPhase;
			buildActionMask = 2147483647;
			files = (
			);
			runOnlyForDeploymentPostprocessing = 0;
		};
/* End PBXFrameworksBuildPhase section */

/* Begin PBXGroup section */
		20E20B3529F2DDC300582629 = {
			isa = PBXGroup;
			children = (
				20E20B4029F2DDC300582629 /* HomeScreenTutorial */,
				20E20B3F29F2DDC300582629 /* Products */,
			);
			sourceTree = "<group>";
		};
		20E20B3F29F2DDC300582629 /* Products */ = {
			isa = PBXGroup;
			children = (
				20E20B3E29F2DDC300582629 /* HomeScreenTutorial.app */,
			);
			name = Products;
			sourceTree = "<group>";
		};
		20E20B4029F2DDC300582629 /* HomeScreenTutorial */ = {
			isa = PBXGroup;
			children = (
				20E20B4129F2DDC300582629 /* AppDelegate.swift */,
				203C831329F2F2C8007E333C /* Button.swift */,
				20E20B4929F2DDC300582629 /* GameViewController.swift */,
				20E20B4B29F2DDC300582629 /* Main.storyboard */,
				20E20B4E29F2DDC400582629 /* Assets.xcassets */,
				20E20B5029F2DDC400582629 /* LaunchScreen.storyboard */,
				203C831129F2F273007E333C /* Game.sks */,
				20E20B5829F2DE3000582629 /* Settings.sks */,
				20E20B4329F2DDC300582629 /* HomeScreen.sks */,
				203C831529F2F4A2007E333C /* HomeScreen.swift */,
			);
			path = HomeScreenTutorial;
			sourceTree = "<group>";
		};
/* End PBXGroup section */

/* Begin PBXNativeTarget section */
		20E20B3D29F2DDC300582629 /* HomeScreenTutorial */ = {
			isa = PBXNativeTarget;
			buildConfigurationList = 20E20B5529F2DDC400582629 /* Build configuration list for PBXNativeTarget "HomeScreenTutorial" */;
			buildPhases = (
				20E20B3A29F2DDC300582629 /* Sources */,
				20E20B3B29F2DDC300582629 /* Frameworks */,
				20E20B3C29F2DDC300582629 /* Resources */,
			);
			buildRules = (
			);
			dependencies = (
			);
			name = HomeScreenTutorial;
			productName = HomeScreenTutorial;
			productReference = 20E20B3E29F2DDC300582629 /* HomeScreenTutorial.app */;
			productType = "com.apple.product-type.application";
		};
/* End PBXNativeTarget section */

/* Begin PBXProject section */
		20E20B3629F2DDC300582629 /* Project object */ = {
			isa = PBXProject;
			attributes = {
				BuildIndependentTargetsInParallel = 1;
				LastSwiftUpdateCheck = 1430;
				LastUpgradeCheck = 1430;
				TargetAttributes = {
					20E20B3D29F2DDC300582629 = {
						CreatedOnToolsVersion = 14.3;
					};
				};
			};
			buildConfigurationList = 20E20B3929F2DDC300582629 /* Build configuration list for PBXProject "HomeScreenTutorial" */;
			compatibilityVersion = "Xcode 14.0";
			developmentRegion = en;
			hasScannedForEncodings = 0;
			knownRegions = (
				en,
				Base,
			);
			mainGroup = 20E20B3529F2DDC300582629;
			productRefGroup = 20E20B3F29F2DDC300582629 /* Products */;
			projectDirPath = "";
			projectRoot = "";
			targets = (
				20E20B3D29F2DDC300582629 /* HomeScreenTutorial */,
			);
		};
/* End PBXProject section */

/* Begin PBXResourcesBuildPhase section */
		20E20B3C29F2DDC300582629 /* Resources */ = {
			isa = PBXResourcesBuildPhase;
			buildActionMask = 2147483647;
			files = (
				203C831229F2F273007E333C /* Game.sks in Resources */,
				20E20B4D29F2DDC300582629 /* Main.storyboard in Resources */,
				20E20B4429F2DDC300582629 /* HomeScreen.sks in Resources */,
				20E20B5929F2DE3000582629 /* Settings.sks in Resources */,
				20E20B4F29F2DDC400582629 /* Assets.xcassets in Resources */,
				20E20B5229F2DDC400582629 /* LaunchScreen.storyboard in Resources */,
			);
			runOnlyForDeploymentPostprocessing = 0;
		};
/* End PBXResourcesBuildPhase section */

/* Begin PBXSourcesBuildPhase section */
		20E20B3A29F2DDC300582629 /* Sources */ = {
			isa = PBXSourcesBuildPhase;
			buildActionMask = 2147483647;
			files = (
				20E20B4A29F2DDC300582629 /* GameViewController.swift in Sources */,
				20E20B4229F2DDC300582629 /* AppDelegate.swift in Sources */,
				203C831429F2F2C8007E333C /* Button.swift in Sources */,
				203C831629F2F4A2007E333C /* HomeScreen.swift in Sources */,
			);
			runOnlyForDeploymentPostprocessing = 0;
		};
/* End PBXSourcesBuildPhase section */

/* Begin PBXVariantGroup section */
		20E20B4B29F2DDC300582629 /* Main.storyboard */ = {
			isa = PBXVariantGroup;
			children = (
				20E20B4C29F2DDC300582629 /* Base */,
			);
			name = Main.storyboard;
			sourceTree = "<group>";
		};
		20E20B5029F2DDC400582629 /* LaunchScreen.storyboard */ = {
			isa = PBXVariantGroup;
			children = (
				20E20B5129F2DDC400582629 /* Base */,
			);
			name = LaunchScreen.storyboard;
			sourceTree = "<group>";
		};
/* End PBXVariantGroup section */

/* Begin XCBuildConfiguration section */
		20E20B5329F2DDC400582629 /* Debug */ = {
			isa = XCBuildConfiguration;
			buildSettings = {
				ALWAYS_SEARCH_USER_PATHS = NO;
				CLANG_ANALYZER_NONNULL = YES;
				CLANG_ANALYZER_NUMBER_OBJECT_CONVERSION = YES_AGGRESSIVE;
				CLANG_CXX_LANGUAGE_STANDARD = "gnu++20";
				CLANG_ENABLE_MODULES = YES;
				CLANG_ENABLE_OBJC_ARC = YES;
				CLANG_ENABLE_OBJC_WEAK = YES;
				CLANG_WARN_BLOCK_CAPTURE_AUTORELEASING = YES;
				CLANG_WARN_BOOL_CONVERSION = YES;
				CLANG_WARN_COMMA = YES;
				CLANG_WARN_CONSTANT_CONVERSION = YES;
				CLANG_WARN_DEPRECATED_OBJC_IMPLEMENTATIONS = YES;
				CLANG_WARN_DIRECT_OBJC_ISA_USAGE = YES_ERROR;
				CLANG_WARN_DOCUMENTATION_COMMENTS = YES;
				CLANG_WARN_EMPTY_BODY = YES;
				CLANG_WARN_ENUM_CONVERSION = YES;
				CLANG_WARN_INFINITE_RECURSION = YES;
				CLANG_WARN_INT_CONVERSION = YES;
				CLANG_WARN_NON_LITERAL_NULL_CONVERSION = YES;
				CLANG_WARN_OBJC_IMPLICIT_RETAIN_SELF = YES;
				CLANG_WARN_OBJC_LITERAL_CONVERSION = YES;
				CLANG_WARN_OBJC_ROOT_CLASS = YES_ERROR;
				CLANG_WARN_QUOTED_INCLUDE_IN_FRAMEWORK_HEADER = YES;
				CLANG_WARN_RANGE_LOOP_ANALYSIS = YES;
				CLANG_WARN_STRICT_PROTOTYPES = YES;
				CLANG_WARN_SUSPICIOUS_MOVE = YES;
				CLANG_WARN_UNGUARDED_AVAILABILITY = YES_AGGRESSIVE;
				CLANG_WARN_UNREACHABLE_CODE = YES;
				CLANG_WARN__DUPLICATE_METHOD_MATCH = YES;
				COPY_PHASE_STRIP = NO;
				DEBUG_INFORMATION_FORMAT = dwarf;
				ENABLE_STRICT_OBJC_MSGSEND = YES;
				ENABLE_TESTABILITY = YES;
				GCC_C_LANGUAGE_STANDARD = gnu11;
				GCC_DYNAMIC_NO_PIC = NO;
				GCC_NO_COMMON_BLOCKS = YES;
				GCC_OPTIMIZATION_LEVEL = 0;
				GCC_PREPROCESSOR_DEFINITIONS = (
					"DEBUG=1",
					"$(inherited)",
				);
				GCC_WARN_64_TO_32_BIT_CONVERSION = YES;
				GCC_WARN_ABOUT_RETURN_TYPE = YES_ERROR;
				GCC_WARN_UNDECLARED_SELECTOR = YES;
				GCC_WARN_UNINITIALIZED_AUTOS = YES_AGGRESSIVE;
				GCC_WARN_UNUSED_FUNCTION = YES;
				GCC_WARN_UNUSED_VARIABLE = YES;
				IPHONEOS_DEPLOYMENT_TARGET = 16.4;
				MTL_ENABLE_DEBUG_INFO = INCLUDE_SOURCE;
				MTL_FAST_MATH = YES;
				ONLY_ACTIVE_ARCH = YES;
				SDKROOT = iphoneos;
				SWIFT_ACTIVE_COMPILATION_CONDITIONS = DEBUG;
				SWIFT_OPTIMIZATION_LEVEL = "-Onone";
			};
			name = Debug;
		};
		20E20B5429F2DDC400582629 /* Release */ = {
			isa = XCBuildConfiguration;
			buildSettings = {
				ALWAYS_SEARCH_USER_PATHS = NO;
				CLANG_ANALYZER_NONNULL = YES;
				CLANG_ANALYZER_NUMBER_OBJECT_CONVERSION = YES_AGGRESSIVE;
				CLANG_CXX_LANGUAGE_STANDARD = "gnu++20";
				CLANG_ENABLE_MODULES = YES;
				CLANG_ENABLE_OBJC_ARC = YES;
				CLANG_ENABLE_OBJC_WEAK = YES;
				CLANG_WARN_BLOCK_CAPTURE_AUTORELEASING = YES;
				CLANG_WARN_BOOL_CONVERSION = YES;
				CLANG_WARN_COMMA = YES;
				CLANG_WARN_CONSTANT_CONVERSION = YES;
				CLANG_WARN_DEPRECATED_OBJC_IMPLEMENTATIONS = YES;
				CLANG_WARN_DIRECT_OBJC_ISA_USAGE = YES_ERROR;
				CLANG_WARN_DOCUMENTATION_COMMENTS = YES;
				CLANG_WARN_EMPTY_BODY = YES;
				CLANG_WARN_ENUM_CONVERSION = YES;
				CLANG_WARN_INFINITE_RECURSION = YES;
				CLANG_WARN_INT_CONVERSION = YES;
				CLANG_WARN_NON_LITERAL_NULL_CONVERSION = YES;
				CLANG_WARN_OBJC_IMPLICIT_RETAIN_SELF = YES;
				CLANG_WARN_OBJC_LITERAL_CONVERSION = YES;
				CLANG_WARN_OBJC_ROOT_CLASS = YES_ERROR;
				CLANG_WARN_QUOTED_INCLUDE_IN_FRAMEWORK_HEADER = YES;
				CLANG_WARN_RANGE_LOOP_ANALYSIS = YES;
				CLANG_WARN_STRICT_PROTOTYPES = YES;
				CLANG_WARN_SUSPICIOUS_MOVE = YES;
				CLANG_WARN_UNGUARDED_AVAILABILITY = YES_AGGRESSIVE;
				CLANG_WARN_UNREACHABLE_CODE = YES;
				CLANG_WARN__DUPLICATE_METHOD_MATCH = YES;
				COPY_PHASE_STRIP = NO;
				DEBUG_INFORMATION_FORMAT = "dwarf-with-dsym";
				ENABLE_NS_ASSERTIONS = NO;
				ENABLE_STRICT_OBJC_MSGSEND = YES;
				GCC_C_LANGUAGE_STANDARD = gnu11;
				GCC_NO_COMMON_BLOCKS = YES;
				GCC_WARN_64_TO_32_BIT_CONVERSION = YES;
				GCC_WARN_ABOUT_RETURN_TYPE = YES_ERROR;
				GCC_WARN_UNDECLARED_SELECTOR = YES;
				GCC_WARN_UNINITIALIZED_AUTOS = YES_AGGRESSIVE;
				GCC_WARN_UNUSED_FUNCTION = YES;
				GCC_WARN_UNUSED_VARIABLE = YES;
				IPHONEOS_DEPLOYMENT_TARGET = 16.4;
				MTL_ENABLE_DEBUG_INFO = NO;
				MTL_FAST_MATH = YES;
				SDKROOT = iphoneos;
				SWIFT_COMPILATION_MODE = wholemodule;
				SWIFT_OPTIMIZATION_LEVEL = "-O";
				VALIDATE_PRODUCT = YES;
			};
			name = Release;
		};
		20E20B5629F2DDC400582629 /* Debug */ = {
			isa = XCBuildConfiguration;
			buildSettings = {
				ASSETCATALOG_COMPILER_APPICON_NAME = AppIcon;
				ASSETCATALOG_COMPILER_GLOBAL_ACCENT_COLOR_NAME = AccentColor;
				CODE_SIGN_STYLE = Automatic;
				CURRENT_PROJECT_VERSION = 1;
				DEVELOPMENT_TEAM = AK3HPG329S;
				GENERATE_INFOPLIST_FILE = YES;
				INFOPLIST_KEY_UIApplicationSupportsIndirectInputEvents = YES;
				INFOPLIST_KEY_UILaunchStoryboardName = LaunchScreen;
				INFOPLIST_KEY_UIMainStoryboardFile = Main;
				INFOPLIST_KEY_UIStatusBarHidden = YES;
				INFOPLIST_KEY_UISupportedInterfaceOrientations = UIInterfaceOrientationPortrait;
				LD_RUNPATH_SEARCH_PATHS = (
					"$(inherited)",
					"@executable_path/Frameworks",
				);
				MARKETING_VERSION = 1.0;
				PRODUCT_BUNDLE_IDENTIFIER = com.marypaskhaver.HomeScreenTutorial;
				PRODUCT_NAME = "$(TARGET_NAME)";
				SWIFT_EMIT_LOC_STRINGS = YES;
				SWIFT_VERSION = 5.0;
				TARGETED_DEVICE_FAMILY = "1,2";
			};
			name = Debug;
		};
		20E20B5729F2DDC400582629 /* Release */ = {
			isa = XCBuildConfiguration;
			buildSettings = {
				ASSETCATALOG_COMPILER_APPICON_NAME = AppIcon;
				ASSETCATALOG_COMPILER_GLOBAL_ACCENT_COLOR_NAME = AccentColor;
				CODE_SIGN_STYLE = Automatic;
				CURRENT_PROJECT_VERSION = 1;
				DEVELOPMENT_TEAM = AK3HPG329S;
				GENERATE_INFOPLIST_FILE = YES;
				INFOPLIST_KEY_UIApplicationSupportsIndirectInputEvents = YES;
				INFOPLIST_KEY_UILaunchStoryboardName = LaunchScreen;
				INFOPLIST_KEY_UIMainStoryboardFile = Main;
				INFOPLIST_KEY_UIStatusBarHidden = YES;
				INFOPLIST_KEY_UISupportedInterfaceOrientations = UIInterfaceOrientationPortrait;
				LD_RUNPATH_SEARCH_PATHS = (
					"$(inherited)",
					"@executable_path/Frameworks",
				);
				MARKETING_VERSION = 1.0;
				PRODUCT_BUNDLE_IDENTIFIER = com.marypaskhaver.HomeScreenTutorial;
				PRODUCT_NAME = "$(TARGET_NAME)";
				SWIFT_EMIT_LOC_STRINGS = YES;
				SWIFT_VERSION = 5.0;
				TARGETED_DEVICE_FAMILY = "1,2";
			};
			name = Release;
		};
/* End XCBuildConfiguration section */

/* Begin XCConfigurationList section */
		20E20B3929F2DDC300582629 /* Build configuration list for PBXProject "HomeScreenTutorial" */ = {
			isa = XCConfigurationList;
			buildConfigurations = (
				20E20B5329F2DDC400582629 /* Debug */,
				20E20B5429F2DDC400582629 /* Release */,
			);
			defaultConfigurationIsVisible = 0;
			defaultConfigurationName = Release;
		};
		20E20B5529F2DDC400582629 /* Build configuration list for PBXNativeTarget "HomeScreenTutorial" */ = {
			isa = XCConfigurationList;
			buildConfigurations = (
				20E20B5629F2DDC400582629 /* Debug */,
				20E20B5729F2DDC400582629 /* Release */,
			);
			defaultConfigurationIsVisible = 0;
			defaultConfigurationName = Release;
		};
/* End XCConfigurationList section */
	};
	rootObject = 20E20B3629F2DDC300582629 /* Project object */;
}
